
Microsoft Visual Studio Solution File, Format Version 12.00
# Visual Studio Version 16
VisualStudioVersion = 16.0.31911.196
MinimumVisualStudioVersion = 10.0.40219.1
Project("{FAE04EC0-301F-11D3-BF4B-00C04F79EFBC}") = "AracKiralamaOtomasyonu", "AracKiralamaOtomasyonu\AracKiralamaOtomasyonu.csproj", "{20B55FDA-3037-49CB-832A-8567DBE4C2E6}"
EndProject
Global
	GlobalSection(SolutionConfigurationPlatforms) = preSolution
		Debug|Any CPU = Debug|Any CPU
		Release|Any CPU = Release|Any CPU
	EndGlobalSection
	GlobalSection(ProjectConfigurationPlatforms) = postSolution
		{20B55FDA-3037-49CB-832A-8567DBE4C2E6}.Debug|Any CPU.ActiveCfg = Debug|Any CPU
		{20B55FDA-3037-49CB-832A-8567DBE4C2E6}.Debug|Any CPU.Build.0 = Debug|Any CPU
		{20B55FDA-3037-49CB-832A-8567DBE4C2E6}.Release|Any CPU.ActiveCfg = Release|Any CPU
		{20B55FDA-3037-49CB-832A-8567DBE4C2E6}.Release|Any CPU.Build.0 = Release|Any CPU
	EndGlobalSection
	GlobalSection(SolutionProperties) = preSolution
		HideSolutionNode = FALSE
	EndGlobalSection
	GlobalSection(ExtensibilityGlobals) = postSolution
		SolutionGuid = {5C86D6B7-5A0D-4552-90A9-30E795883FF9}
	EndGlobalSection
EndGlobal
